
Microsoft Visual Studio Solution File, Format Version 12.00
# Visual Studio Version 17
VisualStudioVersion = 17.14.36429.23 d17.14
MinimumVisualStudioVersion = 10.0.40219.1
Project("{2150E333-8FDC-42A3-9474-1A3956D46DE8}") = "Task0", "Task0", "{02EA681E-C7D8-13C7-8484-4AC65E1B71E8}"
EndProject
Project("{FAE04EC0-301F-11D3-BF4B-00C04F79EFBC}") = "Tyuiu.RadochinaAP.Sprint3.Task0.V30", "Tyuiu.RadochinaAP.Sprint3.Task0.V30\Tyuiu.RadochinaAP.Sprint3.Task0.V30.csproj", "{57B90279-1649-40B1-90A2-C12F0D58AE68}"
EndProject
Project("{FAE04EC0-301F-11D3-BF4B-00C04F79EFBC}") = "Tyuiu.RadochinaAP.Sprint3.Task0.V30.Lib", "Tyuiu.RadochinaAP.Sprint3.Task0.V30.Lib\Tyuiu.RadochinaAP.Sprint3.Task0.V30.Lib.csproj", "{2DB3DA58-28B5-4F9C-8F2E-BA24508105CB}"
EndProject
Project("{FAE04EC0-301F-11D3-BF4B-00C04F79EFBC}") = "Tyuiu.RadochinaAP.Sprint3.Task0.V30.Test", "Tyuiu.RadochinaAP.Sprint3.Task0.V30.Test\Tyuiu.RadochinaAP.Sprint3.Task0.V30.Test.csproj", "{03B140E3-0191-4F1B-9A7A-3185473DE67E}"
EndProject
Project("{2150E333-8FDC-42A3-9474-1A3956D46DE8}") = "Task1", "Task1", "{1F211A2C-58A9-4447-99C4-09829E35F5C4}"
EndProject
Project("{FAE04EC0-301F-11D3-BF4B-00C04F79EFBC}") = "Tyuiu.RadochinaAP.Sprint3.Task1.V17", "Tyuiu.RadochinaAP.Sprint3.Task1.V17\Tyuiu.RadochinaAP.Sprint3.Task1.V17.csproj", "{7E7557DA-34DE-4981-9404-96F73E45830F}"
EndProject
Project("{FAE04EC0-301F-11D3-BF4B-00C04F79EFBC}") = "Tyuiu.RadochinaAP.Sprint3.Task1.V17.Test", "Tyuiu.RadochinaAP.Sprint3.Task1.V17.Test\Tyuiu.RadochinaAP.Sprint3.Task1.V17.Test.csproj", "{A0CCD8F0-A618-4529-A309-1E4D9AC0F21C}"
EndProject
Project("{FAE04EC0-301F-11D3-BF4B-00C04F79EFBC}") = "Tyuiu.RadochinaAP.Sprint3.Task1.V17.Lib", "Tyuiu.RadochinaAP.Sprint3.Task1.V17.Lib\Tyuiu.RadochinaAP.Sprint3.Task1.V17.Lib.csproj", "{AF82495B-38F0-4D41-A69B-9FBA0CAF3AEE}"
EndProject
Project("{2150E333-8FDC-42A3-9474-1A3956D46DE8}") = "Task2", "Task2", "{C1537122-09B7-4C91-B6DF-375BA5CB2AEA}"
EndProject
Project("{FAE04EC0-301F-11D3-BF4B-00C04F79EFBC}") = "Tyuiu.RadochinaAP.Sprint3.Task2.V12", "Tyuiu.RadochinaAP.Sprint3.Task2.V12\Tyuiu.RadochinaAP.Sprint3.Task2.V12.csproj", "{89731107-8A74-43B3-BB99-0ED169610F7A}"
EndProject
Project("{FAE04EC0-301F-11D3-BF4B-00C04F79EFBC}") = "Tyuiu.RadochinaAP.Sprint3.Task2.V12.Lib", "Tyuiu.RadochinaAP.Sprint3.Task2.V12.Lib\Tyuiu.RadochinaAP.Sprint3.Task2.V12.Lib.csproj", "{95E5D1C4-8FF3-4862-B3A1-056266B44E7E}"
EndProject
Project("{FAE04EC0-301F-11D3-BF4B-00C04F79EFBC}") = "Tyuiu.RadochinaAP.Sprint3.Task2.V12.Test", "Tyuiu.RadochinaAP.Sprint3.Task2.V12.Test\Tyuiu.RadochinaAP.Sprint3.Task2.V12.Test.csproj", "{4FA2F6B9-9F47-4B74-B858-8B4A180E7692}"
EndProject
Project("{2150E333-8FDC-42A3-9474-1A3956D46DE8}") = "Task3", "Task3", "{A616ADCD-F6BF-4AEE-87DA-085C484B6047}"
EndProject
Project("{FAE04EC0-301F-11D3-BF4B-00C04F79EFBC}") = "Tyuiu.RadochinaAP.Sprint3.Task3.V11", "Tyuiu.RadochinaAP.Sprint3.Task3.V11\Tyuiu.RadochinaAP.Sprint3.Task3.V11.csproj", "{DD642923-F922-4F78-952F-16A11A962E85}"
EndProject
Project("{FAE04EC0-301F-11D3-BF4B-00C04F79EFBC}") = "Tyuiu.RadochinaAP.Sprint3.Task3.V11.Test", "Tyuiu.RadochinaAP.Sprint3.Task3.V11.Test\Tyuiu.RadochinaAP.Sprint3.Task3.V11.Test.csproj", "{1A1F3502-595E-4FF5-992B-AB0BD77BA9F7}"
EndProject
Project("{FAE04EC0-301F-11D3-BF4B-00C04F79EFBC}") = "Tyuiu.RadochinaAP.Sprint3.Task3.V11.Lib", "Tyuiu.RadochinaAP.Sprint3.Task3.V11.Lib\Tyuiu.RadochinaAP.Sprint3.Task3.V11.Lib.csproj", "{F31A2DC8-FB9E-4864-A4EC-F8FFAA7BC0A2}"
EndProject
Project("{2150E333-8FDC-42A3-9474-1A3956D46DE8}") = "Task4", "Task4", "{6BAB11E6-0FBC-4F98-A92C-691AC9B56F9C}"
EndProject
Project("{FAE04EC0-301F-11D3-BF4B-00C04F79EFBC}") = "Tyuiu.RadochinaAP.Sprint3.Task4.V27", "Tyuiu.RadochinaAP.Sprint3.Task4.V27\Tyuiu.RadochinaAP.Sprint3.Task4.V27.csproj", "{0D8E4FA0-2FF7-4F50-A2D2-D391255C5B1D}"
EndProject
Project("{FAE04EC0-301F-11D3-BF4B-00C04F79EFBC}") = "Tyuiu.RadochinaAP.Sprint3.Task4.V27.Lib", "Tyuiu.RadochinaAP.Sprint3.Task4.V27.Lib\Tyuiu.RadochinaAP.Sprint3.Task4.V27.Lib.csproj", "{02AFD5A0-F40E-4971-AD53-CBC6EAE024CC}"
EndProject
Project("{FAE04EC0-301F-11D3-BF4B-00C04F79EFBC}") = "Tyuiu.RadochinaAP.Sprint3.Task4.V27.Test", "Tyuiu.RadochinaAP.Sprint3.Task4.V27.Test\Tyuiu.RadochinaAP.Sprint3.Task4.V27.Test.csproj", "{34AC517F-3814-4B36-B39E-BBCDADA7D832}"
EndProject
Project("{2150E333-8FDC-42A3-9474-1A3956D46DE8}") = "Task5", "Task5", "{ECAF4FA9-5A56-4E6A-970E-B036686DA6C5}"
EndProject
Project("{FAE04EC0-301F-11D3-BF4B-00C04F79EFBC}") = "Tyuiu.RadochinaAP.Sprint3.Task5.V27", "Tyuiu.RadochinaAP.Sprint3.Task5.V27\Tyuiu.RadochinaAP.Sprint3.Task5.V27.csproj", "{78EBAEBB-E93F-49B8-8FDD-1242A9056634}"
EndProject
Project("{FAE04EC0-301F-11D3-BF4B-00C04F79EFBC}") = "Tyuiu.RadochinaAP.Sprint3.Task5.V27.Test", "Tyuiu.RadochinaAP.Sprint3.Task5.V27.Test\Tyuiu.RadochinaAP.Sprint3.Task5.V27.Test.csproj", "{2D52FB55-7E24-443F-9F97-E09804E162BB}"
EndProject
Project("{FAE04EC0-301F-11D3-BF4B-00C04F79EFBC}") = "Tyuiu.RadochinaAP.Sprint3.Task5.V27.Lib", "Tyuiu.RadochinaAP.Sprint3.Task5.V27.Lib\Tyuiu.RadochinaAP.Sprint3.Task5.V27.Lib.csproj", "{41F50964-D2E2-488F-9118-2659A37AD094}"
EndProject
Global
	GlobalSection(SolutionConfigurationPlatforms) = preSolution
		Debug|Any CPU = Debug|Any CPU
		Release|Any CPU = Release|Any CPU
	EndGlobalSection
	GlobalSection(ProjectConfigurationPlatforms) = postSolution
		{57B90279-1649-40B1-90A2-C12F0D58AE68}.Debug|Any CPU.ActiveCfg = Debug|Any CPU
		{57B90279-1649-40B1-90A2-C12F0D58AE68}.Debug|Any CPU.Build.0 = Debug|Any CPU
		{57B90279-1649-40B1-90A2-C12F0D58AE68}.Release|Any CPU.ActiveCfg = Release|Any CPU
		{57B90279-1649-40B1-90A2-C12F0D58AE68}.Release|Any CPU.Build.0 = Release|Any CPU
		{2DB3DA58-28B5-4F9C-8F2E-BA24508105CB}.Debug|Any CPU.ActiveCfg = Debug|Any CPU
		{2DB3DA58-28B5-4F9C-8F2E-BA24508105CB}.Debug|Any CPU.Build.0 = Debug|Any CPU
		{2DB3DA58-28B5-4F9C-8F2E-BA24508105CB}.Release|Any CPU.ActiveCfg = Release|Any CPU
		{2DB3DA58-28B5-4F9C-8F2E-BA24508105CB}.Release|Any CPU.Build.0 = Release|Any CPU
		{03B140E3-0191-4F1B-9A7A-3185473DE67E}.Debug|Any CPU.ActiveCfg = Debug|Any CPU
		{03B140E3-0191-4F1B-9A7A-3185473DE67E}.Debug|Any CPU.Build.0 = Debug|Any CPU
		{03B140E3-0191-4F1B-9A7A-3185473DE67E}.Release|Any CPU.ActiveCfg = Release|Any CPU
		{03B140E3-0191-4F1B-9A7A-3185473DE67E}.Release|Any CPU.Build.0 = Release|Any CPU
		{7E7557DA-34DE-4981-9404-96F73E45830F}.Debug|Any CPU.ActiveCfg = Debug|Any CPU
		{7E7557DA-34DE-4981-9404-96F73E45830F}.Debug|Any CPU.Build.0 = Debug|Any CPU
		{7E7557DA-34DE-4981-9404-96F73E45830F}.Release|Any CPU.ActiveCfg = Release|Any CPU
		{7E7557DA-34DE-4981-9404-96F73E45830F}.Release|Any CPU.Build.0 = Release|Any CPU
		{A0CCD8F0-A618-4529-A309-1E4D9AC0F21C}.Debug|Any CPU.ActiveCfg = Debug|Any CPU
		{A0CCD8F0-A618-4529-A309-1E4D9AC0F21C}.Debug|Any CPU.Build.0 = Debug|Any CPU
		{A0CCD8F0-A618-4529-A309-1E4D9AC0F21C}.Release|Any CPU.ActiveCfg = Release|Any CPU
		{A0CCD8F0-A618-4529-A309-1E4D9AC0F21C}.Release|Any CPU.Build.0 = Release|Any CPU
		{AF82495B-38F0-4D41-A69B-9FBA0CAF3AEE}.Debug|Any CPU.ActiveCfg = Debug|Any CPU
		{AF82495B-38F0-4D41-A69B-9FBA0CAF3AEE}.Debug|Any CPU.Build.0 = Debug|Any CPU
		{AF82495B-38F0-4D41-A69B-9FBA0CAF3AEE}.Release|Any CPU.ActiveCfg = Release|Any CPU
		{AF82495B-38F0-4D41-A69B-9FBA0CAF3AEE}.Release|Any CPU.Build.0 = Release|Any CPU
		{89731107-8A74-43B3-BB99-0ED169610F7A}.Debug|Any CPU.ActiveCfg = Debug|Any CPU
		{89731107-8A74-43B3-BB99-0ED169610F7A}.Debug|Any CPU.Build.0 = Debug|Any CPU
		{89731107-8A74-43B3-BB99-0ED169610F7A}.Release|Any CPU.ActiveCfg = Release|Any CPU
		{89731107-8A74-43B3-BB99-0ED169610F7A}.Release|Any CPU.Build.0 = Release|Any CPU
		{95E5D1C4-8FF3-4862-B3A1-056266B44E7E}.Debug|Any CPU.ActiveCfg = Debug|Any CPU
		{95E5D1C4-8FF3-4862-B3A1-056266B44E7E}.Debug|Any CPU.Build.0 = Debug|Any CPU
		{95E5D1C4-8FF3-4862-B3A1-056266B44E7E}.Release|Any CPU.ActiveCfg = Release|Any CPU
		{95E5D1C4-8FF3-4862-B3A1-056266B44E7E}.Release|Any CPU.Build.0 = Release|Any CPU
		{4FA2F6B9-9F47-4B74-B858-8B4A180E7692}.Debug|Any CPU.ActiveCfg = Debug|Any CPU
		{4FA2F6B9-9F47-4B74-B858-8B4A180E7692}.Debug|Any CPU.Build.0 = Debug|Any CPU
		{4FA2F6B9-9F47-4B74-B858-8B4A180E7692}.Release|Any CPU.ActiveCfg = Release|Any CPU
		{4FA2F6B9-9F47-4B74-B858-8B4A180E7692}.Release|Any CPU.Build.0 = Release|Any CPU
		{DD642923-F922-4F78-952F-16A11A962E85}.Debug|Any CPU.ActiveCfg = Debug|Any CPU
		{DD642923-F922-4F78-952F-16A11A962E85}.Debug|Any CPU.Build.0 = Debug|Any CPU
		{DD642923-F922-4F78-952F-16A11A962E85}.Release|Any CPU.ActiveCfg = Release|Any CPU
		{DD642923-F922-4F78-952F-16A11A962E85}.Release|Any CPU.Build.0 = Release|Any CPU
		{1A1F3502-595E-4FF5-992B-AB0BD77BA9F7}.Debug|Any CPU.ActiveCfg = Debug|Any CPU
		{1A1F3502-595E-4FF5-992B-AB0BD77BA9F7}.Debug|Any CPU.Build.0 = Debug|Any CPU
		{1A1F3502-595E-4FF5-992B-AB0BD77BA9F7}.Release|Any CPU.ActiveCfg = Release|Any CPU
		{1A1F3502-595E-4FF5-992B-AB0BD77BA9F7}.Release|Any CPU.Build.0 = Release|Any CPU
		{F31A2DC8-FB9E-4864-A4EC-F8FFAA7BC0A2}.Debug|Any CPU.ActiveCfg = Debug|Any CPU
		{F31A2DC8-FB9E-4864-A4EC-F8FFAA7BC0A2}.Debug|Any CPU.Build.0 = Debug|Any CPU
		{F31A2DC8-FB9E-4864-A4EC-F8FFAA7BC0A2}.Release|Any CPU.ActiveCfg = Release|Any CPU
		{F31A2DC8-FB9E-4864-A4EC-F8FFAA7BC0A2}.Release|Any CPU.Build.0 = Release|Any CPU
		{0D8E4FA0-2FF7-4F50-A2D2-D391255C5B1D}.Debug|Any CPU.ActiveCfg = Debug|Any CPU
		{0D8E4FA0-2FF7-4F50-A2D2-D391255C5B1D}.Debug|Any CPU.Build.0 = Debug|Any CPU
		{0D8E4FA0-2FF7-4F50-A2D2-D391255C5B1D}.Release|Any CPU.ActiveCfg = Release|Any CPU
		{0D8E4FA0-2FF7-4F50-A2D2-D391255C5B1D}.Release|Any CPU.Build.0 = Release|Any CPU
		{02AFD5A0-F40E-4971-AD53-CBC6EAE024CC}.Debug|Any CPU.ActiveCfg = Debug|Any CPU
		{02AFD5A0-F40E-4971-AD53-CBC6EAE024CC}.Debug|Any CPU.Build.0 = Debug|Any CPU
		{02AFD5A0-F40E-4971-AD53-CBC6EAE024CC}.Release|Any CPU.ActiveCfg = Release|Any CPU
		{02AFD5A0-F40E-4971-AD53-CBC6EAE024CC}.Release|Any CPU.Build.0 = Release|Any CPU
		{34AC517F-3814-4B36-B39E-BBCDADA7D832}.Debug|Any CPU.ActiveCfg = Debug|Any CPU
		{34AC517F-3814-4B36-B39E-BBCDADA7D832}.Debug|Any CPU.Build.0 = Debug|Any CPU
		{34AC517F-3814-4B36-B39E-BBCDADA7D832}.Release|Any CPU.ActiveCfg = Release|Any CPU
		{34AC517F-3814-4B36-B39E-BBCDADA7D832}.Release|Any CPU.Build.0 = Release|Any CPU
		{78EBAEBB-E93F-49B8-8FDD-1242A9056634}.Debug|Any CPU.ActiveCfg = Debug|Any CPU
		{78EBAEBB-E93F-49B8-8FDD-1242A9056634}.Debug|Any CPU.Build.0 = Debug|Any CPU
		{78EBAEBB-E93F-49B8-8FDD-1242A9056634}.Release|Any CPU.ActiveCfg = Release|Any CPU
		{78EBAEBB-E93F-49B8-8FDD-1242A9056634}.Release|Any CPU.Build.0 = Release|Any CPU
		{2D52FB55-7E24-443F-9F97-E09804E162BB}.Debug|Any CPU.ActiveCfg = Debug|Any CPU
		{2D52FB55-7E24-443F-9F97-E09804E162BB}.Debug|Any CPU.Build.0 = Debug|Any CPU
		{2D52FB55-7E24-443F-9F97-E09804E162BB}.Release|Any CPU.ActiveCfg = Release|Any CPU
		{2D52FB55-7E24-443F-9F97-E09804E162BB}.Release|Any CPU.Build.0 = Release|Any CPU
		{41F50964-D2E2-488F-9118-2659A37AD094}.Debug|Any CPU.ActiveCfg = Debug|Any CPU
		{41F50964-D2E2-488F-9118-2659A37AD094}.Debug|Any CPU.Build.0 = Debug|Any CPU
		{41F50964-D2E2-488F-9118-2659A37AD094}.Release|Any CPU.ActiveCfg = Release|Any CPU
		{41F50964-D2E2-488F-9118-2659A37AD094}.Release|Any CPU.Build.0 = Release|Any CPU
	EndGlobalSection
	GlobalSection(SolutionProperties) = preSolution
		HideSolutionNode = FALSE
	EndGlobalSection
	GlobalSection(NestedProjects) = preSolution
		{57B90279-1649-40B1-90A2-C12F0D58AE68} = {02EA681E-C7D8-13C7-8484-4AC65E1B71E8}
		{2DB3DA58-28B5-4F9C-8F2E-BA24508105CB} = {02EA681E-C7D8-13C7-8484-4AC65E1B71E8}
		{03B140E3-0191-4F1B-9A7A-3185473DE67E} = {02EA681E-C7D8-13C7-8484-4AC65E1B71E8}
		{7E7557DA-34DE-4981-9404-96F73E45830F} = {1F211A2C-58A9-4447-99C4-09829E35F5C4}
		{A0CCD8F0-A618-4529-A309-1E4D9AC0F21C} = {1F211A2C-58A9-4447-99C4-09829E35F5C4}
		{AF82495B-38F0-4D41-A69B-9FBA0CAF3AEE} = {1F211A2C-58A9-4447-99C4-09829E35F5C4}
		{89731107-8A74-43B3-BB99-0ED169610F7A} = {C1537122-09B7-4C91-B6DF-375BA5CB2AEA}
		{95E5D1C4-8FF3-4862-B3A1-056266B44E7E} = {C1537122-09B7-4C91-B6DF-375BA5CB2AEA}
		{4FA2F6B9-9F47-4B74-B858-8B4A180E7692} = {C1537122-09B7-4C91-B6DF-375BA5CB2AEA}
		{DD642923-F922-4F78-952F-16A11A962E85} = {A616ADCD-F6BF-4AEE-87DA-085C484B6047}
		{1A1F3502-595E-4FF5-992B-AB0BD77BA9F7} = {A616ADCD-F6BF-4AEE-87DA-085C484B6047}
		{F31A2DC8-FB9E-4864-A4EC-F8FFAA7BC0A2} = {A616ADCD-F6BF-4AEE-87DA-085C484B6047}
		{0D8E4FA0-2FF7-4F50-A2D2-D391255C5B1D} = {6BAB11E6-0FBC-4F98-A92C-691AC9B56F9C}
		{02AFD5A0-F40E-4971-AD53-CBC6EAE024CC} = {6BAB11E6-0FBC-4F98-A92C-691AC9B56F9C}
		{34AC517F-3814-4B36-B39E-BBCDADA7D832} = {6BAB11E6-0FBC-4F98-A92C-691AC9B56F9C}
		{78EBAEBB-E93F-49B8-8FDD-1242A9056634} = {ECAF4FA9-5A56-4E6A-970E-B036686DA6C5}
		{2D52FB55-7E24-443F-9F97-E09804E162BB} = {ECAF4FA9-5A56-4E6A-970E-B036686DA6C5}
		{41F50964-D2E2-488F-9118-2659A37AD094} = {ECAF4FA9-5A56-4E6A-970E-B036686DA6C5}
	EndGlobalSection
	GlobalSection(ExtensibilityGlobals) = postSolution
		SolutionGuid = {A57D5830-2662-4F5C-9C23-4FA95BB038A2}
	EndGlobalSection
EndGlobal
